<?xml version="1.0" encoding="utf-8"?>
<Project ToolsVersion="4.0" xmlns="http://schemas.microsoft.com/developer/msbuild/2003">
  <ItemGroup>
    <Filter Include="源文件">
      <UniqueIdentifier>{4FC737F1-C7A5-4376-A066-2A32D752A2FF}</UniqueIdentifier>
      <Extensions>cpp;c;cc;cxx;def;odl;idl;hpj;bat;asm;asmx</Extensions>
    </Filter>
    <Filter Include="头文件">
      <UniqueIdentifier>{93995380-89BD-4b04-88EB-625FBE52EBFB}</UniqueIdentifier>
      <Extensions>h;hh;hpp;hxx;hm;inl;inc;xsd</Extensions>
    </Filter>
    <Filter Include="资源文件">
      <UniqueIdentifier>{67DA6AB6-F800-4c08-8B7A-83BB121AAD01}</UniqueIdentifier>
      <Extensions>rc;ico;cur;bmp;dlg;rc2;rct;bin;rgs;gif;jpg;jpeg;jpe;resx;tiff;tif;png;wav;mfcribbon-ms</Extensions>
    </Filter>
    <Filter Include="third_party">
      <UniqueIdentifier>{1d1e1750-e46d-4916-99e6-c227f37983e8}</UniqueIdentifier>
    </Filter>
    <Filter Include="third_party\IDCardReader">
      <UniqueIdentifier>{4b6d71a8-efed-4e01-ae82-8f4d7653a75a}</UniqueIdentifier>
    </Filter>
    <Filter Include="third_party\IDCardReader\include">
      <UniqueIdentifier>{0aa6ee4b-f700-489c-8cb0-1698283127f6}</UniqueIdentifier>
    </Filter>
    <Filter Include="third_party\FaceRecognitionDLL">
      <UniqueIdentifier>{95d7dcc1-eb9b-4c14-b57c-0542f40eb054}</UniqueIdentifier>
    </Filter>
    <Filter Include="third_party\FaceRecognitionDLL\include">
      <UniqueIdentifier>{8a7bf595-be36-4071-b757-00c08c0477b7}</UniqueIdentifier>
    </Filter>
    <Filter Include="third_party\WtlRs">
      <UniqueIdentifier>{8c8b1067-e549-46d7-b0f3-b9a0a6a569cb}</UniqueIdentifier>
    </Filter>
    <Filter Include="third_party\WtlRs\include">
      <UniqueIdentifier>{58913581-e85a-45c2-83c8-5d3f8b713861}</UniqueIdentifier>
    </Filter>
    <Filter Include="third_party\WtlRs\lib">
      <UniqueIdentifier>{0b03af01-65b4-46b0-9ae5-6b52fcd9877c}</UniqueIdentifier>
    </Filter>
    <Filter Include="third_party\OpenCV">
      <UniqueIdentifier>{8c244055-d9da-4aba-94bb-d768220e6b17}</UniqueIdentifier>
    </Filter>
    <Filter Include="third_party\OpenCV\include">
      <UniqueIdentifier>{d9058107-eda8-4d93-8516-31a30399ff93}</UniqueIdentifier>
    </Filter>
    <Filter Include="third_party\OpenCV\lib">
      <UniqueIdentifier>{7567b115-a2ae-4ff3-8750-632295aa3999}</UniqueIdentifier>
    </Filter>
  </ItemGroup>
  <ItemGroup>
    <ClInclude Include="stdafx.h">
      <Filter>头文件</Filter>
    </ClInclude>
    <ClInclude Include="targetver.h">
      <Filter>头文件</Filter>
    </ClInclude>
    <ClInclude Include="Resource.h">
      <Filter>头文件</Filter>
    </ClInclude>
    <ClInclude Include="FaceRecognitionTestDlg.h">
      <Filter>源文件</Filter>
    </ClInclude>
    <ClInclude Include="FaceRecognitionTest.h">
      <Filter>源文件</Filter>
    </ClInclude>
    <ClInclude Include="..\IDCardReader\include\IDCardReader.h">
      <Filter>third_party\IDCardReader\include</Filter>
    </ClInclude>
    <ClInclude Include="third_party\wtl\WltRS.h">
      <Filter>third_party\WtlRs\include</Filter>
    </ClInclude>
    <ClInclude Include="..\FaceRecognitionDLL\include\FaceRecognition.h">
      <Filter>third_party\FaceRecognitionDLL\include</Filter>
    </ClInclude>
  </ItemGroup>
  <ItemGroup>
    <ClCompile Include="FaceRecognitionTest.cpp">
      <Filter>源文件</Filter>
    </ClCompile>
    <ClCompile Include="FaceRecognitionTestDlg.cpp">
      <Filter>源文件</Filter>
    </ClCompile>
    <ClCompile Include="stdafx.cpp">
      <Filter>头文件</Filter>
    </ClCompile>
    <ClCompile Include="import_lib.cpp">
      <Filter>third_party</Filter>
    </ClCompile>
  </ItemGroup>
  <ItemGroup>
    <ResourceCompile Include="FaceRecognitionTest.rc">
      <Filter>资源文件</Filter>
    </ResourceCompile>
  </ItemGroup>
  <ItemGroup>
    <None Include="res\FaceRecognitionTest.rc2">
      <Filter>资源文件</Filter>
    </None>
  </ItemGroup>
  <ItemGroup>
    <Image Include="res\FaceRecognitionTest.ico">
      <Filter>资源文件</Filter>
    </Image>
  </ItemGroup>
  <ItemGroup>
    <Library Include="third_party\wtl\WltRS.lib">
      <Filter>third_party\WtlRs\lib</Filter>
    </Library>
  </ItemGroup>
  <ItemGroup>
    <Text Include="OpenCV.txt">
      <Filter>third_party\OpenCV</Filter>
    </Text>
  </ItemGroup>
</Project>