<?xml version="1.0" encoding="utf-8"?>
<Project ToolsVersion="4.0" xmlns="http://schemas.microsoft.com/developer/msbuild/2003">
  <ItemGroup>
    <Filter Include="源文件">
      <UniqueIdentifier>{4FC737F1-C7A5-4376-A066-2A32D752A2FF}</UniqueIdentifier>
      <Extensions>cpp;c;cc;cxx;def;odl;idl;hpj;bat;asm;asmx</Extensions>
    </Filter>
    <Filter Include="头文件">
      <UniqueIdentifier>{93995380-89BD-4b04-88EB-625FBE52EBFB}</UniqueIdentifier>
      <Extensions>h;hh;hpp;hxx;hm;inl;inc;xsd</Extensions>
    </Filter>
    <Filter Include="资源文件">
      <UniqueIdentifier>{67DA6AB6-F800-4c08-8B7A-83BB121AAD01}</UniqueIdentifier>
      <Extensions>rc;ico;cur;bmp;dlg;rc2;rct;bin;rgs;gif;jpg;jpeg;jpe;resx;tiff;tif;png;wav;mfcribbon-ms</Extensions>
    </Filter>
    <Filter Include="模块定义文件">
      <UniqueIdentifier>{223f0828-bb99-4efa-8d6b-f0177e5619cc}</UniqueIdentifier>
    </Filter>
    <Filter Include="文档">
      <UniqueIdentifier>{421acc2d-6d72-4c0b-9655-ee67e161d5ad}</UniqueIdentifier>
    </Filter>
    <Filter Include="third_party">
      <UniqueIdentifier>{96670d1d-af81-4bac-a057-031988567130}</UniqueIdentifier>
    </Filter>
    <Filter Include="third_party\libcurl">
      <UniqueIdentifier>{0d443ad8-1b48-4e53-9c87-9856f66bf9dd}</UniqueIdentifier>
    </Filter>
    <Filter Include="third_party\Tecent RapidJSON">
      <UniqueIdentifier>{01e9a8a4-1bd8-4331-bfb4-1cc53bd724b1}</UniqueIdentifier>
    </Filter>
    <Filter Include="third_party\libcurl\include">
      <UniqueIdentifier>{473ff4ed-bfe5-457f-a4b3-308463f67b37}</UniqueIdentifier>
    </Filter>
    <Filter Include="third_party\libcurl\lib">
      <UniqueIdentifier>{dd9a76e9-34c5-4690-885f-a60b99d7ee88}</UniqueIdentifier>
    </Filter>
    <Filter Include="third_party\POCO">
      <UniqueIdentifier>{c9dc4a0f-4863-473f-afdd-6a2361b109e8}</UniqueIdentifier>
    </Filter>
    <Filter Include="third_party\POCO\include">
      <UniqueIdentifier>{817e497e-5656-4a14-ae78-e3488241167b}</UniqueIdentifier>
    </Filter>
    <Filter Include="third_party\POCO\lib">
      <UniqueIdentifier>{eabdf2b5-23e2-4ce8-ba2f-aa43b977f671}</UniqueIdentifier>
    </Filter>
  </ItemGroup>
  <ItemGroup>
    <None Include="FaceRecognition.def">
      <Filter>模块定义文件</Filter>
    </None>
    <None Include="Doc\票证人核验设备驱动接口_20170113.docx">
      <Filter>文档</Filter>
    </None>
  </ItemGroup>
  <ItemGroup>
    <ClInclude Include="include\FaceRecognition.h">
      <Filter>头文件</Filter>
    </ClInclude>
  </ItemGroup>
  <ItemGroup>
    <ClCompile Include="src\FaceRecognition.cpp">
      <Filter>源文件</Filter>
    </ClCompile>
    <ClCompile Include="import_lib.cpp">
      <Filter>third_party</Filter>
    </ClCompile>
  </ItemGroup>
  <ItemGroup>
    <Text Include="json.txt">
      <Filter>third_party\Tecent RapidJSON</Filter>
    </Text>
    <Text Include="libcurl.txt">
      <Filter>third_party\libcurl</Filter>
    </Text>
  </ItemGroup>
</Project>